<?xml version="1.0" encoding="utf-8"?>
<Project ToolsVersion="4.0" xmlns="http://schemas.microsoft.com/developer/msbuild/2003">
  <ItemGroup>
    <Filter Include="Source Files">
      <UniqueIdentifier>{4FC737F1-C7A5-4376-A066-2A32D752A2FF}</UniqueIdentifier>
      <Extensions>cpp;c;cc;cxx;c++;cppm;ixx;def;odl;idl;hpj;bat;asm;asmx</Extensions>
    </Filter>
    <Filter Include="Source Files\_Dependencies_">
      <UniqueIdentifier>{88a19d99-264e-4264-b379-fcf98fb930c4}</UniqueIdentifier>
    </Filter>
    <Filter Include="Source Files\Engine">
      <UniqueIdentifier>{09c7e7b8-b60f-4e57-b10f-1d877ba67836}</UniqueIdentifier>
    </Filter>
    <Filter Include="Source Files\Engine\Events">
      <UniqueIdentifier>{fe8c865a-6840-441f-9f2a-7b43c18eb26f}</UniqueIdentifier>
    </Filter>
    <Filter Include="Source Files\Engine\Window">
      <UniqueIdentifier>{dd0300f6-8b8f-429d-ad62-51d3a0a6c29d}</UniqueIdentifier>
    </Filter>
    <Filter Include="Source Files\Engine\Renderer">
      <UniqueIdentifier>{3044cd0a-957d-4dd9-a125-5f7354c9c7c0}</UniqueIdentifier>
    </Filter>
    <Filter Include="Source Files\Engine\Renderer\Shaders">
      <UniqueIdentifier>{90e6d204-8aa6-4a8f-8a56-d36415052ff7}</UniqueIdentifier>
    </Filter>
    <Filter Include="Source Files\Engine\Renderer\Texture">
      <UniqueIdentifier>{adae5545-929e-4905-b346-ac3e0bdd9088}</UniqueIdentifier>
    </Filter>
    <Filter Include="Source Files\Engine\Utils">
      <UniqueIdentifier>{ac70764e-6416-46c3-8170-cd59ece9cb56}</UniqueIdentifier>
    </Filter>
    <Filter Include="Source Files\Engine\Renderer\Buffers">
      <UniqueIdentifier>{f41b3bf2-bbd5-4960-b357-394d0e143c94}</UniqueIdentifier>
    </Filter>
    <Filter Include="Source Files\Engine\Input">
      <UniqueIdentifier>{eb1381f9-a063-42a7-a407-8a4cdc3e6c32}</UniqueIdentifier>
    </Filter>
    <Filter Include="Source Files\Engine\Debug">
      <UniqueIdentifier>{a2b15de4-503f-46c7-8810-d75539d5c761}</UniqueIdentifier>
    </Filter>
    <Filter Include="Source Files\Engine\Renderer\Models">
      <UniqueIdentifier>{32ff06ae-ae89-4025-92df-380413124a90}</UniqueIdentifier>
    </Filter>
    <Filter Include="Source Files\Engine\Renderer\Models\Data">
      <UniqueIdentifier>{0b9ec610-e904-4129-8c17-a58ed76ab189}</UniqueIdentifier>
    </Filter>
    <Filter Include="Source Files\Editor">
      <UniqueIdentifier>{880496a4-a1af-4d76-823a-3814c8413537}</UniqueIdentifier>
    </Filter>
    <Filter Include="Source Files\Engine\Assets">
      <UniqueIdentifier>{2123e94b-fe54-42f7-a94f-2210b055fa36}</UniqueIdentifier>
    </Filter>
    <Filter Include="Source Files\Engine\Runtime">
      <UniqueIdentifier>{824f9fd1-f51d-4986-a3b3-26ec010bfb97}</UniqueIdentifier>
    </Filter>
  </ItemGroup>
  <ItemGroup>
    <ClCompile Include="imgui_widgets.cpp">
      <Filter>Source Files\_Dependencies_</Filter>
    </ClCompile>
    <ClCompile Include="imgui.cpp">
      <Filter>Source Files\_Dependencies_</Filter>
    </ClCompile>
    <ClCompile Include="imgui_demo.cpp">
      <Filter>Source Files\_Dependencies_</Filter>
    </ClCompile>
    <ClCompile Include="imgui_draw.cpp">
      <Filter>Source Files\_Dependencies_</Filter>
    </ClCompile>
    <ClCompile Include="imgui_impl_glfw.cpp">
      <Filter>Source Files\_Dependencies_</Filter>
    </ClCompile>
    <ClCompile Include="imgui_impl_opengl3.cpp">
      <Filter>Source Files\_Dependencies_</Filter>
    </ClCompile>
    <ClCompile Include="imgui_tables.cpp">
      <Filter>Source Files\_Dependencies_</Filter>
    </ClCompile>
    <ClCompile Include="GraphicsContext.cpp">
      <Filter>Source Files\Engine\Renderer</Filter>
    </ClCompile>
    <ClCompile Include="..\Dependencies\GLAD\src\glad.c">
      <Filter>Source Files\_Dependencies_</Filter>
    </ClCompile>
    <ClCompile Include="..\Dependencies\pugixml.cpp">
      <Filter>Source Files\_Dependencies_</Filter>
    </ClCompile>
    <ClCompile Include="Event.cpp">
      <Filter>Source Files\Engine\Events</Filter>
    </ClCompile>
    <ClCompile Include="stb_image.cpp">
      <Filter>Source Files\_Dependencies_</Filter>
    </ClCompile>
    <ClCompile Include="pch.cpp">
      <Filter>Source Files</Filter>
    </ClCompile>
    <ClCompile Include="Window.cpp">
      <Filter>Source Files\Engine\Window</Filter>
    </ClCompile>
    <ClCompile Include="Texture.cpp">
      <Filter>Source Files\Engine\Renderer\Texture</Filter>
    </ClCompile>
    <ClCompile Include="ShaderLibrary.cpp">
      <Filter>Source Files\Engine\Renderer\Shaders</Filter>
    </ClCompile>
    <ClCompile Include="Buffers.cpp">
      <Filter>Source Files\Engine\Renderer\Buffers</Filter>
    </ClCompile>
    <ClCompile Include="FrameBuffer.cpp">
      <Filter>Source Files\Engine\Renderer\Buffers</Filter>
    </ClCompile>
    <ClCompile Include="VertexArray.cpp">
      <Filter>Source Files\Engine\Renderer\Buffers</Filter>
    </ClCompile>
    <ClCompile Include="Input.cpp">
      <Filter>Source Files\Engine\Input</Filter>
    </ClCompile>
    <ClCompile Include="Application.cpp">
      <Filter>Source Files</Filter>
    </ClCompile>
    <ClCompile Include="ImGUIOverlay.cpp">
      <Filter>Source Files\Engine\Debug</Filter>
    </ClCompile>
    <ClCompile Include="Camera.cpp">
      <Filter>Source Files\Editor</Filter>
    </ClCompile>
    <ClCompile Include="ModelLibrary.cpp">
      <Filter>Source Files\Engine\Renderer\Models</Filter>
    </ClCompile>
    <ClCompile Include="Mesh.cpp">
      <Filter>Source Files\Engine\Renderer\Models\Data</Filter>
    </ClCompile>
    <ClCompile Include="Model.cpp">
      <Filter>Source Files\Engine\Renderer\Models\Data</Filter>
    </ClCompile>
    <ClCompile Include="AssetLibrary.cpp">
      <Filter>Source Files\Engine\Assets</Filter>
    </ClCompile>
    <ClCompile Include="Asset.cpp">
      <Filter>Source Files\Engine\Assets</Filter>
    </ClCompile>
    <ClCompile Include="Material.cpp">
      <Filter>Source Files\Engine\Assets</Filter>
    </ClCompile>
    <ClCompile Include="Shader.cpp">
      <Filter>Source Files\Engine\Assets</Filter>
    </ClCompile>
    <ClCompile Include="Scene.cpp">
      <Filter>Source Files\Engine\Runtime</Filter>
    </ClCompile>
    <ClCompile Include="Light.cpp">
      <Filter>Source Files\Engine\Runtime</Filter>
    </ClCompile>
  </ItemGroup>
  <ItemGroup>
    <None Include="imgui.ini">
      <Filter>Source Files\_Dependencies_</Filter>
    </None>
  </ItemGroup>
  <ItemGroup>
    <ClInclude Include="imstb_rectpack.h">
      <Filter>Source Files\_Dependencies_</Filter>
    </ClInclude>
    <ClInclude Include="imstb_textedit.h">
      <Filter>Source Files\_Dependencies_</Filter>
    </ClInclude>
    <ClInclude Include="imstb_truetype.h">
      <Filter>Source Files\_Dependencies_</Filter>
    </ClInclude>
    <ClInclude Include="imconfig.h">
      <Filter>Source Files\_Dependencies_</Filter>
    </ClInclude>
    <ClInclude Include="imgui.h">
      <Filter>Source Files\_Dependencies_</Filter>
    </ClInclude>
    <ClInclude Include="imgui_impl_glfw.h">
      <Filter>Source Files\_Dependencies_</Filter>
    </ClInclude>
    <ClInclude Include="imgui_impl_opengl3.h">
      <Filter>Source Files\_Dependencies_</Filter>
    </ClInclude>
    <ClInclude Include="imgui_internal.h">
      <Filter>Source Files\_Dependencies_</Filter>
    </ClInclude>
    <ClInclude Include="Json.hpp">
      <Filter>Source Files\_Dependencies_</Filter>
    </ClInclude>
    <ClInclude Include="GraphicsContext.h">
      <Filter>Source Files\Engine\Renderer</Filter>
    </ClInclude>
    <ClInclude Include="..\Dependencies\pugixml.hpp">
      <Filter>Source Files\_Dependencies_</Filter>
    </ClInclude>
    <ClInclude Include="..\Dependencies\pugiconfig.hpp">
      <Filter>Source Files\_Dependencies_</Filter>
    </ClInclude>
    <ClInclude Include="Event.h">
      <Filter>Source Files\Engine\Events</Filter>
    </ClInclude>
    <ClInclude Include="pch.h">
      <Filter>Source Files</Filter>
    </ClInclude>
    <ClInclude Include="ScopedTimer.h">
      <Filter>Source Files\Engine\Utils</Filter>
    </ClInclude>
    <ClInclude Include="Window.h">
      <Filter>Source Files\Engine\Window</Filter>
    </ClInclude>
    <ClInclude Include="Texture.h">
      <Filter>Source Files\Engine\Renderer\Texture</Filter>
    </ClInclude>
    <ClInclude Include="ShaderLibrary.h">
      <Filter>Source Files\Engine\Renderer\Shaders</Filter>
    </ClInclude>
    <ClInclude Include="VertexArray.h">
      <Filter>Source Files\Engine\Renderer\Buffers</Filter>
    </ClInclude>
    <ClInclude Include="Buffers.h">
      <Filter>Source Files\Engine\Renderer\Buffers</Filter>
    </ClInclude>
    <ClInclude Include="FrameBuffer.h">
      <Filter>Source Files\Engine\Renderer\Buffers</Filter>
    </ClInclude>
    <ClInclude Include="Input.h">
      <Filter>Source Files\Engine\Input</Filter>
    </ClInclude>
    <ClInclude Include="Application.h">
      <Filter>Source Files</Filter>
    </ClInclude>
    <ClInclude Include="ImGUIOverlay.h">
      <Filter>Source Files\Engine\Debug</Filter>
    </ClInclude>
    <ClInclude Include="Camera.h">
      <Filter>Source Files\Editor</Filter>
    </ClInclude>
    <ClInclude Include="ModelLibrary.h">
      <Filter>Source Files\Engine\Renderer\Models</Filter>
    </ClInclude>
    <ClInclude Include="Mesh.h">
      <Filter>Source Files\Engine\Renderer\Models\Data</Filter>
    </ClInclude>
    <ClInclude Include="Model.h">
      <Filter>Source Files\Engine\Renderer\Models\Data</Filter>
    </ClInclude>
    <ClInclude Include="AssetLibrary.h">
      <Filter>Source Files\Engine\Assets</Filter>
    </ClInclude>
    <ClInclude Include="Asset.h">
      <Filter>Source Files\Engine\Assets</Filter>
    </ClInclude>
    <ClInclude Include="Material.h">
      <Filter>Source Files\Engine\Assets</Filter>
    </ClInclude>
    <ClInclude Include="Shader.h">
      <Filter>Source Files\Engine\Assets</Filter>
    </ClInclude>
    <ClInclude Include="Scene.h">
      <Filter>Source Files\Engine\Runtime</Filter>
    </ClInclude>
    <ClInclude Include="Light.h">
      <Filter>Source Files\Engine\Runtime</Filter>
    </ClInclude>
    <ClInclude Include="Engine.h" />
  </ItemGroup>
</Project>